// !$*UTF8*$!
{
	archiveVersion = 1;
	classes = {
	};
	objectVersion = 46;
	objects = {

/* Begin PBXBuildFile section */
		DC6DC6E51D24196400839748 /* AppDelegate.swift in Sources */ = {isa = PBXBuildFile; fileRef = DC6DC6E41D24196400839748 /* AppDelegate.swift */; };
		DC6DC6E71D24196400839748 /* ViewController.swift in Sources */ = {isa = PBXBuildFile; fileRef = DC6DC6E61D24196400839748 /* ViewController.swift */; };
		DC6DC6EA1D24196400839748 /* Main.storyboard in Resources */ = {isa = PBXBuildFile; fileRef = DC6DC6E81D24196400839748 /* Main.storyboard */; };
		DC6DC6EC1D24196400839748 /* Assets.xcassets in Resources */ = {isa = PBXBuildFile; fileRef = DC6DC6EB1D24196400839748 /* Assets.xcassets */; };
		DC6DC6EF1D24196400839748 /* LaunchScreen.storyboard in Resources */ = {isa = PBXBuildFile; fileRef = DC6DC6ED1D24196400839748 /* LaunchScreen.storyboard */; };
		DC6DC6F71D24197A00839748 /* DraggableCardsManagerView.swift in Sources */ = {isa = PBXBuildFile; fileRef = DC6DC6F61D24197A00839748 /* DraggableCardsManagerView.swift */; };
		DC6DC6F91D2419AA00839748 /* DraggableView.swift in Sources */ = {isa = PBXBuildFile; fileRef = DC6DC6F81D2419AA00839748 /* DraggableView.swift */; };
		DC6DC6FB1D25614B00839748 /* LinkedList.swift in Sources */ = {isa = PBXBuildFile; fileRef = DC6DC6FA1D25614B00839748 /* LinkedList.swift */; };
		DC8439AF1D26A2E5009C7596 /* DraggableArray.swift in Sources */ = {isa = PBXBuildFile; fileRef = DC8439AE1D26A2E5009C7596 /* DraggableArray.swift */; };
/* End PBXBuildFile section */

/* Begin PBXFileReference section */
		DC6DC6E11D24196400839748 /* CustomSwiping.app */ = {isa = PBXFileReference; explicitFileType = wrapper.application; includeInIndex = 0; path = CustomSwiping.app; sourceTree = BUILT_PRODUCTS_DIR; };
		DC6DC6E41D24196400839748 /* AppDelegate.swift */ = {isa = PBXFileReference; lastKnownFileType = sourcecode.swift; path = AppDelegate.swift; sourceTree = "<group>"; };
		DC6DC6E61D24196400839748 /* ViewController.swift */ = {isa = PBXFileReference; lastKnownFileType = sourcecode.swift; path = ViewController.swift; sourceTree = "<group>"; };
		DC6DC6E91D24196400839748 /* Base */ = {isa = PBXFileReference; lastKnownFileType = file.storyboard; name = Base; path = Base.lproj/Main.storyboard; sourceTree = "<group>"; };
		DC6DC6EB1D24196400839748 /* Assets.xcassets */ = {isa = PBXFileReference; lastKnownFileType = folder.assetcatalog; path = Assets.xcassets; sourceTree = "<group>"; };
		DC6DC6EE1D24196400839748 /* Base */ = {isa = PBXFileReference; lastKnownFileType = file.storyboard; name = Base; path = Base.lproj/LaunchScreen.storyboard; sourceTree = "<group>"; };
		DC6DC6F01D24196400839748 /* Info.plist */ = {isa = PBXFileReference; lastKnownFileType = text.plist.xml; path = Info.plist; sourceTree = "<group>"; };
		DC6DC6F61D24197A00839748 /* DraggableCardsManagerView.swift */ = {isa = PBXFileReference; fileEncoding = 4; lastKnownFileType = sourcecode.swift; path = DraggableCardsManagerView.swift; sourceTree = "<group>"; };
		DC6DC6F81D2419AA00839748 /* DraggableView.swift */ = {isa = PBXFileReference; fileEncoding = 4; lastKnownFileType = sourcecode.swift; path = DraggableView.swift; sourceTree = "<group>"; };
		DC6DC6FA1D25614B00839748 /* LinkedList.swift */ = {isa = PBXFileReference; fileEncoding = 4; lastKnownFileType = sourcecode.swift; path = LinkedList.swift; sourceTree = "<group>"; };
		DC8439AE1D26A2E5009C7596 /* DraggableArray.swift */ = {isa = PBXFileReference; fileEncoding = 4; lastKnownFileType = sourcecode.swift; path = DraggableArray.swift; sourceTree = "<group>"; };
/* End PBXFileReference section */

/* Begin PBXFrameworksBuildPhase section */
		DC6DC6DE1D24196400839748 /* Frameworks */ = {
			isa = PBXFrameworksBuildPhase;
			buildActionMask = 2147483647;
			files = (
			);
			runOnlyForDeploymentPostprocessing = 0;
		};
/* End PBXFrameworksBuildPhase section */

/* Begin PBXGroup section */
		DC6DC6D81D24196400839748 = {
			isa = PBXGroup;
			children = (
				DC6DC6E31D24196400839748 /* CustomSwiping */,
				DC6DC6E21D24196400839748 /* Products */,
			);
			sourceTree = "<group>";
		};
		DC6DC6E21D24196400839748 /* Products */ = {
			isa = PBXGroup;
			children = (
				DC6DC6E11D24196400839748 /* CustomSwiping.app */,
			);
			name = Products;
			sourceTree = "<group>";
		};
		DC6DC6E31D24196400839748 /* CustomSwiping */ = {
			isa = PBXGroup;
			children = (
				DC6DC6E41D24196400839748 /* AppDelegate.swift */,
				DC6DC6E61D24196400839748 /* ViewController.swift */,
				DC6DC6E81D24196400839748 /* Main.storyboard */,
				DC6DC6EB1D24196400839748 /* Assets.xcassets */,
				DC6DC6ED1D24196400839748 /* LaunchScreen.storyboard */,
				DC6DC6F01D24196400839748 /* Info.plist */,
				DC6DC6F61D24197A00839748 /* DraggableCardsManagerView.swift */,
				DC8439AE1D26A2E5009C7596 /* DraggableArray.swift */,
				DC6DC6F81D2419AA00839748 /* DraggableView.swift */,
				DC6DC6FA1D25614B00839748 /* LinkedList.swift */,
			);
			path = CustomSwiping;
			sourceTree = "<group>";
		};
/* End PBXGroup section */

/* Begin PBXNativeTarget section */
		DC6DC6E01D24196400839748 /* CustomSwiping */ = {
			isa = PBXNativeTarget;
			buildConfigurationList = DC6DC6F31D24196400839748 /* Build configuration list for PBXNativeTarget "CustomSwiping" */;
			buildPhases = (
				DC6DC6DD1D24196400839748 /* Sources */,
				DC6DC6DE1D24196400839748 /* Frameworks */,
				DC6DC6DF1D24196400839748 /* Resources */,
			);
			buildRules = (
			);
			dependencies = (
			);
			name = CustomSwiping;
			productName = CustomSwiping;
			productReference = DC6DC6E11D24196400839748 /* CustomSwiping.app */;
			productType = "com.apple.product-type.application";
		};
/* End PBXNativeTarget section */

/* Begin PBXProject section */
		DC6DC6D91D24196400839748 /* Project object */ = {
			isa = PBXProject;
			attributes = {
				LastSwiftUpdateCheck = 0730;
				LastUpgradeCheck = 0730;
				ORGANIZATIONNAME = "Эллина Кузнецова";
				TargetAttributes = {
					DC6DC6E01D24196400839748 = {
						CreatedOnToolsVersion = 7.3.1;
					};
				};
			};
			buildConfigurationList = DC6DC6DC1D24196400839748 /* Build configuration list for PBXProject "CustomSwiping" */;
			compatibilityVersion = "Xcode 3.2";
			developmentRegion = English;
			hasScannedForEncodings = 0;
			knownRegions = (
				en,
				Base,
			);
			mainGroup = DC6DC6D81D24196400839748;
			productRefGroup = DC6DC6E21D24196400839748 /* Products */;
			projectDirPath = "";
			projectRoot = "";
			targets = (
				DC6DC6E01D24196400839748 /* CustomSwiping */,
			);
		};
/* End PBXProject section */

/* Begin PBXResourcesBuildPhase section */
		DC6DC6DF1D24196400839748 /* Resources */ = {
			isa = PBXResourcesBuildPhase;
			buildActionMask = 2147483647;
			files = (
				DC6DC6EF1D24196400839748 /* LaunchScreen.storyboard in Resources */,
				DC6DC6EC1D24196400839748 /* Assets.xcassets in Resources */,
				DC6DC6EA1D24196400839748 /* Main.storyboard in Resources */,
			);
			runOnlyForDeploymentPostprocessing = 0;
		};
/* End PBXResourcesBuildPhase section */

/* Begin PBXSourcesBuildPhase section */
		DC6DC6DD1D24196400839748 /* Sources */ = {
			isa = PBXSourcesBuildPhase;
			buildActionMask = 2147483647;
			files = (
				DC6DC6E71D24196400839748 /* ViewController.swift in Sources */,
				DC6DC6F71D24197A00839748 /* DraggableCardsManagerView.swift in Sources */,
				DC6DC6FB1D25614B00839748 /* LinkedList.swift in Sources */,
				DC8439AF1D26A2E5009C7596 /* DraggableArray.swift in Sources */,
				DC6DC6F91D2419AA00839748 /* DraggableView.swift in Sources */,
				DC6DC6E51D24196400839748 /* AppDelegate.swift in Sources */,
			);
			runOnlyForDeploymentPostprocessing = 0;
		};
/* End PBXSourcesBuildPhase section */

/* Begin PBXVariantGroup section */
		DC6DC6E81D24196400839748 /* Main.storyboard */ = {
			isa = PBXVariantGroup;
			children = (
				DC6DC6E91D24196400839748 /* Base */,
			);
			name = Main.storyboard;
			sourceTree = "<group>";
		};
		DC6DC6ED1D24196400839748 /* LaunchScreen.storyboard */ = {
			isa = PBXVariantGroup;
			children = (
				DC6DC6EE1D24196400839748 /* Base */,
			);
			name = LaunchScreen.storyboard;
			sourceTree = "<group>";
		};
/* End PBXVariantGroup section */

/* Begin XCBuildConfiguration section */
		DC6DC6F11D24196400839748 /* Debug */ = {
			isa = XCBuildConfiguration;
			buildSettings = {
				ALWAYS_SEARCH_USER_PATHS = NO;
				CLANG_ANALYZER_NONNULL = YES;
				CLANG_CXX_LANGUAGE_STANDARD = "gnu++0x";
				CLANG_CXX_LIBRARY = "libc++";
				CLANG_ENABLE_MODULES = YES;
				CLANG_ENABLE_OBJC_ARC = YES;
				CLANG_WARN_BOOL_CONVERSION = YES;
				CLANG_WARN_CONSTANT_CONVERSION = YES;
				CLANG_WARN_DIRECT_OBJC_ISA_USAGE = YES_ERROR;
				CLANG_WARN_EMPTY_BODY = YES;
				CLANG_WARN_ENUM_CONVERSION = YES;
				CLANG_WARN_INT_CONVERSION = YES;
				CLANG_WARN_OBJC_ROOT_CLASS = YES_ERROR;
				CLANG_WARN_UNREACHABLE_CODE = YES;
				CLANG_WARN__DUPLICATE_METHOD_MATCH = YES;
				"CODE_SIGN_IDENTITY[sdk=iphoneos*]" = "iPhone Developer";
				COPY_PHASE_STRIP = NO;
				DEBUG_INFORMATION_FORMAT = dwarf;
				ENABLE_STRICT_OBJC_MSGSEND = YES;
				ENABLE_TESTABILITY = YES;
				GCC_C_LANGUAGE_STANDARD = gnu99;
				GCC_DYNAMIC_NO_PIC = NO;
				GCC_NO_COMMON_BLOCKS = YES;
				GCC_OPTIMIZATION_LEVEL = 0;
				GCC_PREPROCESSOR_DEFINITIONS = (
					"DEBUG=1",
					"$(inherited)",
				);
				GCC_WARN_64_TO_32_BIT_CONVERSION = YES;
				GCC_WARN_ABOUT_RETURN_TYPE = YES_ERROR;
				GCC_WARN_UNDECLARED_SELECTOR = YES;
				GCC_WARN_UNINITIALIZED_AUTOS = YES_AGGRESSIVE;
				GCC_WARN_UNUSED_FUNCTION = YES;
				GCC_WARN_UNUSED_VARIABLE = YES;
				IPHONEOS_DEPLOYMENT_TARGET = 9.3;
				MTL_ENABLE_DEBUG_INFO = YES;
				ONLY_ACTIVE_ARCH = YES;
				SDKROOT = iphoneos;
				SWIFT_OPTIMIZATION_LEVEL = "-Onone";
				TARGETED_DEVICE_FAMILY = "1,2";
			};
			name = Debug;
		};
		DC6DC6F21D24196400839748 /* Release */ = {
			isa = XCBuildConfiguration;
			buildSettings = {
				ALWAYS_SEARCH_USER_PATHS = NO;
				CLANG_ANALYZER_NONNULL = YES;
				CLANG_CXX_LANGUAGE_STANDARD = "gnu++0x";
				CLANG_CXX_LIBRARY = "libc++";
				CLANG_ENABLE_MODULES = YES;
				CLANG_ENABLE_OBJC_ARC = YES;
				CLANG_WARN_BOOL_CONVERSION = YES;
				CLANG_WARN_CONSTANT_CONVERSION = YES;
				CLANG_WARN_DIRECT_OBJC_ISA_USAGE = YES_ERROR;
				CLANG_WARN_EMPTY_BODY = YES;
				CLANG_WARN_ENUM_CONVERSION = YES;
				CLANG_WARN_INT_CONVERSION = YES;
				CLANG_WARN_OBJC_ROOT_CLASS = YES_ERROR;
				CLANG_WARN_UNREACHABLE_CODE = YES;
				CLANG_WARN__DUPLICATE_METHOD_MATCH = YES;
				"CODE_SIGN_IDENTITY[sdk=iphoneos*]" = "iPhone Developer";
				COPY_PHASE_STRIP = NO;
				DEBUG_INFORMATION_FORMAT = "dwarf-with-dsym";
				ENABLE_NS_ASSERTIONS = NO;
				ENABLE_STRICT_OBJC_MSGSEND = YES;
				GCC_C_LANGUAGE_STANDARD = gnu99;
				GCC_NO_COMMON_BLOCKS = YES;
				GCC_WARN_64_TO_32_BIT_CONVERSION = YES;
				GCC_WARN_ABOUT_RETURN_TYPE = YES_ERROR;
				GCC_WARN_UNDECLARED_SELECTOR = YES;
				GCC_WARN_UNINITIALIZED_AUTOS = YES_AGGRESSIVE;
				GCC_WARN_UNUSED_FUNCTION = YES;
				GCC_WARN_UNUSED_VARIABLE = YES;
				IPHONEOS_DEPLOYMENT_TARGET = 9.3;
				MTL_ENABLE_DEBUG_INFO = NO;
				SDKROOT = iphoneos;
				TARGETED_DEVICE_FAMILY = "1,2";
				VALIDATE_PRODUCT = YES;
			};
			name = Release;
		};
		DC6DC6F41D24196400839748 /* Debug */ = {
			isa = XCBuildConfiguration;
			buildSettings = {
				ASSETCATALOG_COMPILER_APPICON_NAME = AppIcon;
				INFOPLIST_FILE = CustomSwiping/Info.plist;
				LD_RUNPATH_SEARCH_PATHS = "$(inherited) @executable_path/Frameworks";
				PRODUCT_BUNDLE_IDENTIFIER = com.eldkuznecova.CustomSwiping;
				PRODUCT_NAME = "$(TARGET_NAME)";
			};
			name = Debug;
		};
		DC6DC6F51D24196400839748 /* Release */ = {
			isa = XCBuildConfiguration;
			buildSettings = {
				ASSETCATALOG_COMPILER_APPICON_NAME = AppIcon;
				INFOPLIST_FILE = CustomSwiping/Info.plist;
				LD_RUNPATH_SEARCH_PATHS = "$(inherited) @executable_path/Frameworks";
				PRODUCT_BUNDLE_IDENTIFIER = com.eldkuznecova.CustomSwiping;
				PRODUCT_NAME = "$(TARGET_NAME)";
			};
			name = Release;
		};
/* End XCBuildConfiguration section */

/* Begin XCConfigurationList section */
		DC6DC6DC1D24196400839748 /* Build configuration list for PBXProject "CustomSwiping" */ = {
			isa = XCConfigurationList;
			buildConfigurations = (
				DC6DC6F11D24196400839748 /* Debug */,
				DC6DC6F21D24196400839748 /* Release */,
			);
			defaultConfigurationIsVisible = 0;
			defaultConfigurationName = Release;
		};
		DC6DC6F31D24196400839748 /* Build configuration list for PBXNativeTarget "CustomSwiping" */ = {
			isa = XCConfigurationList;
			buildConfigurations = (
				DC6DC6F41D24196400839748 /* Debug */,
				DC6DC6F51D24196400839748 /* Release */,
			);
			defaultConfigurationIsVisible = 0;
			defaultConfigurationName = Release;
		};
/* End XCConfigurationList section */
	};
	rootObject = DC6DC6D91D24196400839748 /* Project object */;
}
